
Microsoft Visual Studio Solution File, Format Version 12.00
# Visual Studio Version 17
VisualStudioVersion = 17.6.33829.357
MinimumVisualStudioVersion = 10.0.40219.1
Project("{9A19103F-16F7-4668-BE54-9A1E7A4F7556}") = "Laboratorium 1", "Laboratorium 1\Laboratorium 1.csproj", "{93C64443-290F-421B-BA05-78F6ACE512E6}"
EndProject
Project("{9A19103F-16F7-4668-BE54-9A1E7A4F7556}") = "Laboratorium 2", "Laboratorium 2\Laboratorium 2.csproj", "{0C1CEA63-582E-40C4-9780-1DA9227D87B1}"
EndProject
Project("{FAE04EC0-301F-11D3-BF4B-00C04F79EFBC}") = "Laboratorium 3 - App", "Laboratorium 3 - App\Laboratorium 3 - App.csproj", "{17E294E1-67C6-4643-9733-3C5874AB84BB}"
EndProject
Global
	GlobalSection(SolutionConfigurationPlatforms) = preSolution
		Debug|Any CPU = Debug|Any CPU
		Release|Any CPU = Release|Any CPU
	EndGlobalSection
	GlobalSection(ProjectConfigurationPlatforms) = postSolution
		{93C64443-290F-421B-BA05-78F6ACE512E6}.Debug|Any CPU.ActiveCfg = Debug|Any CPU
		{93C64443-290F-421B-BA05-78F6ACE512E6}.Debug|Any CPU.Build.0 = Debug|Any CPU
		{93C64443-290F-421B-BA05-78F6ACE512E6}.Release|Any CPU.ActiveCfg = Release|Any CPU
		{93C64443-290F-421B-BA05-78F6ACE512E6}.Release|Any CPU.Build.0 = Release|Any CPU
		{0C1CEA63-582E-40C4-9780-1DA9227D87B1}.Debug|Any CPU.ActiveCfg = Debug|Any CPU
		{0C1CEA63-582E-40C4-9780-1DA9227D87B1}.Debug|Any CPU.Build.0 = Debug|Any CPU
		{0C1CEA63-582E-40C4-9780-1DA9227D87B1}.Release|Any CPU.ActiveCfg = Release|Any CPU
		{0C1CEA63-582E-40C4-9780-1DA9227D87B1}.Release|Any CPU.Build.0 = Release|Any CPU
		{17E294E1-67C6-4643-9733-3C5874AB84BB}.Debug|Any CPU.ActiveCfg = Debug|Any CPU
		{17E294E1-67C6-4643-9733-3C5874AB84BB}.Debug|Any CPU.Build.0 = Debug|Any CPU
		{17E294E1-67C6-4643-9733-3C5874AB84BB}.Release|Any CPU.ActiveCfg = Release|Any CPU
		{17E294E1-67C6-4643-9733-3C5874AB84BB}.Release|Any CPU.Build.0 = Release|Any CPU
	EndGlobalSection
	GlobalSection(SolutionProperties) = preSolution
		HideSolutionNode = FALSE
	EndGlobalSection
	GlobalSection(ExtensibilityGlobals) = postSolution
		SolutionGuid = {C7A50EA4-CD55-4B90-818D-4331359AE588}
	EndGlobalSection
EndGlobal
